Microsoft Visual Studio Solution File, Format Version 12.00
# Visual Studio Version 17
VisualStudioVersion = 17.5.2.0
MinimumVisualStudioVersion = 10.0.40219.1
Project("{FAE04EC0-301F-11D3-BF4B-00C04F79EFBC}") = "HomeSeamless", "HomeSeamless.csproj", "{C22C5F05-0ADD-0ECB-1D60-71F87683E634}"
EndProject
Global
	GlobalSection(SolutionConfigurationPlatforms) = preSolution
		Debug|Any CPU = Debug|Any CPU
		Release|Any CPU = Release|Any CPU
	EndGlobalSection
	GlobalSection(ProjectConfigurationPlatforms) = postSolution
		{C22C5F05-0ADD-0ECB-1D60-71F87683E634}.Debug|Any CPU.ActiveCfg = Debug|Any CPU
		{C22C5F05-0ADD-0ECB-1D60-71F87683E634}.Debug|Any CPU.Build.0 = Debug|Any CPU
		{C22C5F05-0ADD-0ECB-1D60-71F87683E634}.Release|Any CPU.ActiveCfg = Release|Any CPU
		{C22C5F05-0ADD-0ECB-1D60-71F87683E634}.Release|Any CPU.Build.0 = Release|Any CPU
	EndGlobalSection
	GlobalSection(SolutionProperties) = preSolution
		HideSolutionNode = FALSE
	EndGlobalSection
	GlobalSection(ExtensibilityGlobals) = postSolution
		SolutionGuid = {93F128AC-762F-48D6-B714-D448AB861239}
	EndGlobalSection
EndGlobal
